// !$*UTF8*$!
{
	archiveVersion = 1;
	classes = {
	};
	objectVersion = 46;
	objects = {

/* Begin PBXBuildFile section */
		77274C5B1EF6BAB000243954 /* LICENSE in Resources */ = {isa = PBXBuildFile; fileRef = 77274C5A1EF6BAB000243954 /* LICENSE */; };
		775420FB1EF568AF0071FBEB /* ZKSwizzle.m in Sources */ = {isa = PBXBuildFile; fileRef = 775420FA1EF568AF0071FBEB /* ZKSwizzle.m */; };
		776253E81EFB01C90070463D /* StorageKit.framework in Frameworks */ = {isa = PBXBuildFile; fileRef = 776253E71EFB01C90070463D /* StorageKit.framework */; };
		77DB43721EF47ADD00B1067C /* main.m in Sources */ = {isa = PBXBuildFile; fileRef = 77DB43711EF47ADD00B1067C /* main.m */; };
/* End PBXBuildFile section */

/* Begin PBXFileReference section */
		77274C5A1EF6BAB000243954 /* LICENSE */ = {isa = PBXFileReference; fileEncoding = 4; lastKnownFileType = text; name = LICENSE; path = ZKSwizzle/LICENSE; sourceTree = "<group>"; };
		775420F91EF568AF0071FBEB /* ZKSwizzle.h */ = {isa = PBXFileReference; fileEncoding = 4; lastKnownFileType = sourcecode.c.h; name = ZKSwizzle.h; path = ZKSwizzle/ZKSwizzle.h; sourceTree = "<group>"; };
		775420FA1EF568AF0071FBEB /* ZKSwizzle.m */ = {isa = PBXFileReference; fileEncoding = 4; lastKnownFileType = sourcecode.c.objc; name = ZKSwizzle.m; path = ZKSwizzle/ZKSwizzle.m; sourceTree = "<group>"; };
		776253E51EFB01520070463D /* StorageKit.h */ = {isa = PBXFileReference; lastKnownFileType = sourcecode.c.h; path = StorageKit.h; sourceTree = "<group>"; };
		776253E71EFB01C90070463D /* StorageKit.framework */ = {isa = PBXFileReference; lastKnownFileType = wrapper.framework; name = StorageKit.framework; path = ../../../../System/Library/PrivateFrameworks/StorageKit.framework; sourceTree = "<group>"; };
		77DB43681EF47AC800B1067C /* EnhanceDiskUtility.bundle */ = {isa = PBXFileReference; explicitFileType = wrapper.cfbundle; includeInIndex = 0; path = EnhanceDiskUtility.bundle; sourceTree = BUILT_PRODUCTS_DIR; };
		77DB436B1EF47AC800B1067C /* Info.plist */ = {isa = PBXFileReference; lastKnownFileType = text.plist.xml; path = Info.plist; sourceTree = "<group>"; };
		77DB43711EF47ADD00B1067C /* main.m */ = {isa = PBXFileReference; fileEncoding = 4; lastKnownFileType = sourcecode.c.objc; path = main.m; sourceTree = "<group>"; };
		77DB43731EF47E7600B1067C /* main.h */ = {isa = PBXFileReference; lastKnownFileType = sourcecode.c.h; path = main.h; sourceTree = "<group>"; };
/* End PBXFileReference section */

/* Begin PBXFrameworksBuildPhase section */
		77DB43651EF47AC800B1067C /* Frameworks */ = {
			isa = PBXFrameworksBuildPhase;
			buildActionMask = 2147483647;
			files = (
				776253E81EFB01C90070463D /* StorageKit.framework in Frameworks */,
			);
			runOnlyForDeploymentPostprocessing = 0;
		};
/* End PBXFrameworksBuildPhase section */

/* Begin PBXGroup section */
		77274C5E1EF6D49000243954 /* ZKSwizzle */ = {
			isa = PBXGroup;
			children = (
				77274C5A1EF6BAB000243954 /* LICENSE */,
				775420F91EF568AF0071FBEB /* ZKSwizzle.h */,
				775420FA1EF568AF0071FBEB /* ZKSwizzle.m */,
			);
			name = ZKSwizzle;
			sourceTree = "<group>";
		};
		776253E61EFB01C90070463D /* Frameworks */ = {
			isa = PBXGroup;
			children = (
				776253E71EFB01C90070463D /* StorageKit.framework */,
			);
			name = Frameworks;
			sourceTree = "<group>";
		};
		77DB435F1EF47AC800B1067C = {
			isa = PBXGroup;
			children = (
				77DB436A1EF47AC800B1067C /* EnhanceDiskUtility */,
				776253E61EFB01C90070463D /* Frameworks */,
				77DB43691EF47AC800B1067C /* Products */,
			);
			sourceTree = "<group>";
		};
		77DB43691EF47AC800B1067C /* Products */ = {
			isa = PBXGroup;
			children = (
				77DB43681EF47AC800B1067C /* EnhanceDiskUtility.bundle */,
			);
			name = Products;
			sourceTree = "<group>";
		};
		77DB436A1EF47AC800B1067C /* EnhanceDiskUtility */ = {
			isa = PBXGroup;
			children = (
				77274C5E1EF6D49000243954 /* ZKSwizzle */,
				77DB436B1EF47AC800B1067C /* Info.plist */,
				776253E51EFB01520070463D /* StorageKit.h */,
				77DB43731EF47E7600B1067C /* main.h */,
				77DB43711EF47ADD00B1067C /* main.m */,
			);
			path = EnhanceDiskUtility;
			sourceTree = "<group>";
		};
/* End PBXGroup section */

/* Begin PBXNativeTarget section */
		77DB43671EF47AC800B1067C /* EnhanceDiskUtility */ = {
			isa = PBXNativeTarget;
			buildConfigurationList = 77DB436E1EF47AC800B1067C /* Build configuration list for PBXNativeTarget "EnhanceDiskUtility" */;
			buildPhases = (
				77DB43641EF47AC800B1067C /* Sources */,
				77DB43651EF47AC800B1067C /* Frameworks */,
				77DB43661EF47AC800B1067C /* Resources */,
			);
			buildRules = (
			);
			dependencies = (
			);
			name = EnhanceDiskUtility;
			productName = EnhanceDiskUtility;
			productReference = 77DB43681EF47AC800B1067C /* EnhanceDiskUtility.bundle */;
			productType = "com.apple.product-type.bundle";
		};
/* End PBXNativeTarget section */

/* Begin PBXProject section */
		77DB43601EF47AC800B1067C /* Project object */ = {
			isa = PBXProject;
			attributes = {
				LastUpgradeCheck = 0830;
				ORGANIZATIONNAME = ulcheats;
				TargetAttributes = {
					77DB43671EF47AC800B1067C = {
						CreatedOnToolsVersion = 8.3.2;
						ProvisioningStyle = Automatic;
					};
				};
			};
			buildConfigurationList = 77DB43631EF47AC800B1067C /* Build configuration list for PBXProject "EnhanceDiskUtility" */;
			compatibilityVersion = "Xcode 3.2";
			developmentRegion = English;
			hasScannedForEncodings = 0;
			knownRegions = (
				en,
			);
			mainGroup = 77DB435F1EF47AC800B1067C;
			productRefGroup = 77DB43691EF47AC800B1067C /* Products */;
			projectDirPath = "";
			projectRoot = "";
			targets = (
				77DB43671EF47AC800B1067C /* EnhanceDiskUtility */,
			);
		};
/* End PBXProject section */

/* Begin PBXResourcesBuildPhase section */
		77DB43661EF47AC800B1067C /* Resources */ = {
			isa = PBXResourcesBuildPhase;
			buildActionMask = 2147483647;
			files = (
				77274C5B1EF6BAB000243954 /* LICENSE in Resources */,
			);
			runOnlyForDeploymentPostprocessing = 0;
		};
/* End PBXResourcesBuildPhase section */

/* Begin PBXSourcesBuildPhase section */
		77DB43641EF47AC800B1067C /* Sources */ = {
			isa = PBXSourcesBuildPhase;
			buildActionMask = 2147483647;
			files = (
				77DB43721EF47ADD00B1067C /* main.m in Sources */,
				775420FB1EF568AF0071FBEB /* ZKSwizzle.m in Sources */,
			);
			runOnlyForDeploymentPostprocessing = 0;
		};
/* End PBXSourcesBuildPhase section */

/* Begin XCBuildConfiguration section */
		77DB436C1EF47AC800B1067C /* Debug */ = {
			isa = XCBuildConfiguration;
			buildSettings = {
				ALWAYS_SEARCH_USER_PATHS = NO;
				CLANG_ANALYZER_NONNULL = YES;
				CLANG_ANALYZER_NUMBER_OBJECT_CONVERSION = YES_AGGRESSIVE;
				CLANG_CXX_LANGUAGE_STANDARD = "gnu++0x";
				CLANG_CXX_LIBRARY = "libc++";
				CLANG_ENABLE_MODULES = YES;
				CLANG_ENABLE_OBJC_ARC = YES;
				CLANG_WARN_BOOL_CONVERSION = YES;
				CLANG_WARN_CONSTANT_CONVERSION = YES;
				CLANG_WARN_DIRECT_OBJC_ISA_USAGE = YES_ERROR;
				CLANG_WARN_DOCUMENTATION_COMMENTS = YES;
				CLANG_WARN_EMPTY_BODY = YES;
				CLANG_WARN_ENUM_CONVERSION = YES;
				CLANG_WARN_INFINITE_RECURSION = YES;
				CLANG_WARN_INT_CONVERSION = YES;
				CLANG_WARN_OBJC_ROOT_CLASS = YES_ERROR;
				CLANG_WARN_SUSPICIOUS_MOVE = YES;
				CLANG_WARN_UNREACHABLE_CODE = YES;
				CLANG_WARN__DUPLICATE_METHOD_MATCH = YES;
				CODE_SIGN_IDENTITY = "-";
				COPY_PHASE_STRIP = NO;
				DEBUG_INFORMATION_FORMAT = dwarf;
				ENABLE_STRICT_OBJC_MSGSEND = YES;
				ENABLE_TESTABILITY = YES;
				GCC_C_LANGUAGE_STANDARD = gnu99;
				GCC_DYNAMIC_NO_PIC = NO;
				GCC_NO_COMMON_BLOCKS = YES;
				GCC_OPTIMIZATION_LEVEL = 0;
				GCC_PREPROCESSOR_DEFINITIONS = (
					"DEBUG=1",
					"$(inherited)",
				);
				GCC_WARN_64_TO_32_BIT_CONVERSION = YES;
				GCC_WARN_ABOUT_RETURN_TYPE = YES_ERROR;
				GCC_WARN_UNDECLARED_SELECTOR = YES;
				GCC_WARN_UNINITIALIZED_AUTOS = YES_AGGRESSIVE;
				GCC_WARN_UNUSED_FUNCTION = YES;
				GCC_WARN_UNUSED_VARIABLE = YES;
				MACOSX_DEPLOYMENT_TARGET = 10.12;
				MTL_ENABLE_DEBUG_INFO = YES;
				ONLY_ACTIVE_ARCH = YES;
				SDKROOT = macosx;
			};
			name = Debug;
		};
		77DB436D1EF47AC800B1067C /* Release */ = {
			isa = XCBuildConfiguration;
			buildSettings = {
				ALWAYS_SEARCH_USER_PATHS = NO;
				CLANG_ANALYZER_NONNULL = YES;
				CLANG_ANALYZER_NUMBER_OBJECT_CONVERSION = YES_AGGRESSIVE;
				CLANG_CXX_LANGUAGE_STANDARD = "gnu++0x";
				CLANG_CXX_LIBRARY = "libc++";
				CLANG_ENABLE_MODULES = YES;
				CLANG_ENABLE_OBJC_ARC = YES;
				CLANG_WARN_BOOL_CONVERSION = YES;
				CLANG_WARN_CONSTANT_CONVERSION = YES;
				CLANG_WARN_DIRECT_OBJC_ISA_USAGE = YES_ERROR;
				CLANG_WARN_DOCUMENTATION_COMMENTS = YES;
				CLANG_WARN_EMPTY_BODY = YES;
				CLANG_WARN_ENUM_CONVERSION = YES;
				CLANG_WARN_INFINITE_RECURSION = YES;
				CLANG_WARN_INT_CONVERSION = YES;
				CLANG_WARN_OBJC_ROOT_CLASS = YES_ERROR;
				CLANG_WARN_SUSPICIOUS_MOVE = YES;
				CLANG_WARN_UNREACHABLE_CODE = YES;
				CLANG_WARN__DUPLICATE_METHOD_MATCH = YES;
				CODE_SIGN_IDENTITY = "-";
				COPY_PHASE_STRIP = NO;
				DEBUG_INFORMATION_FORMAT = "dwarf-with-dsym";
				ENABLE_NS_ASSERTIONS = NO;
				ENABLE_STRICT_OBJC_MSGSEND = YES;
				GCC_C_LANGUAGE_STANDARD = gnu99;
				GCC_NO_COMMON_BLOCKS = YES;
				GCC_WARN_64_TO_32_BIT_CONVERSION = YES;
				GCC_WARN_ABOUT_RETURN_TYPE = YES_ERROR;
				GCC_WARN_UNDECLARED_SELECTOR = YES;
				GCC_WARN_UNINITIALIZED_AUTOS = YES_AGGRESSIVE;
				GCC_WARN_UNUSED_FUNCTION = YES;
				GCC_WARN_UNUSED_VARIABLE = YES;
				MACOSX_DEPLOYMENT_TARGET = 10.12;
				MTL_ENABLE_DEBUG_INFO = NO;
				SDKROOT = macosx;
			};
			name = Release;
		};
		77DB436F1EF47AC800B1067C /* Debug */ = {
			isa = XCBuildConfiguration;
			buildSettings = {
				CLANG_ENABLE_OBJC_ARC = NO;
				COMBINE_HIDPI_IMAGES = YES;
				FRAMEWORK_SEARCH_PATHS = (
					"$(inherited)",
					"$(SYSTEM_LIBRARY_DIR)/PrivateFrameworks",
					"$(PROJECT_DIR)/EnhanceDiskUtility",
					"$(LOCAL_LIBRARY_DIR)/Frameworks",
				);
				INFOPLIST_FILE = EnhanceDiskUtility/Info.plist;
				INSTALL_PATH = "$(LOCAL_LIBRARY_DIR)/Bundles";
				PRODUCT_BUNDLE_IDENTIFIER = ulcheats.EnhanceDiskUtility;
				PRODUCT_NAME = "$(TARGET_NAME)";
				SKIP_INSTALL = YES;
				WRAPPER_EXTENSION = bundle;
			};
			name = Debug;
		};
		77DB43701EF47AC800B1067C /* Release */ = {
			isa = XCBuildConfiguration;
			buildSettings = {
				CLANG_ENABLE_OBJC_ARC = NO;
				COMBINE_HIDPI_IMAGES = YES;
				FRAMEWORK_SEARCH_PATHS = (
					"$(inherited)",
					"$(SYSTEM_LIBRARY_DIR)/PrivateFrameworks",
					"$(PROJECT_DIR)/EnhanceDiskUtility",
					"$(LOCAL_LIBRARY_DIR)/Frameworks",
				);
				INFOPLIST_FILE = EnhanceDiskUtility/Info.plist;
				INSTALL_PATH = "$(LOCAL_LIBRARY_DIR)/Bundles";
				PRODUCT_BUNDLE_IDENTIFIER = ulcheats.EnhanceDiskUtility;
				PRODUCT_NAME = "$(TARGET_NAME)";
				SKIP_INSTALL = YES;
				WRAPPER_EXTENSION = bundle;
			};
			name = Release;
		};
/* End XCBuildConfiguration section */

/* Begin XCConfigurationList section */
		77DB43631EF47AC800B1067C /* Build configuration list for PBXProject "EnhanceDiskUtility" */ = {
			isa = XCConfigurationList;
			buildConfigurations = (
				77DB436C1EF47AC800B1067C /* Debug */,
				77DB436D1EF47AC800B1067C /* Release */,
			);
			defaultConfigurationIsVisible = 0;
			defaultConfigurationName = Release;
		};
		77DB436E1EF47AC800B1067C /* Build configuration list for PBXNativeTarget "EnhanceDiskUtility" */ = {
			isa = XCConfigurationList;
			buildConfigurations = (
				77DB436F1EF47AC800B1067C /* Debug */,
				77DB43701EF47AC800B1067C /* Release */,
			);
			defaultConfigurationIsVisible = 0;
			defaultConfigurationName = Release;
		};
/* End XCConfigurationList section */
	};
	rootObject = 77DB43601EF47AC800B1067C /* Project object */;
}
