// !$*UTF8*$!
{
	archiveVersion = 1;
	classes = {
	};
	objectVersion = 46;
	objects = {

/* Begin PBXBuildFile section */
		0996E4CF21068B98009B5E82 /* AMR_ANSIEscapeHelper.m in Sources */ = {isa = PBXBuildFile; fileRef = 0996E4CE21068B98009B5E82 /* AMR_ANSIEscapeHelper.m */; };
		0996E4D321068BD9009B5E82 /* NSAlert+runModalSheet.m in Sources */ = {isa = PBXBuildFile; fileRef = 0996E4D121068BD9009B5E82 /* NSAlert+runModalSheet.m */; };
		09C01B912219C651000BBE1A /* GeneralSheetController.m in Sources */ = {isa = PBXBuildFile; fileRef = 09C01B8F2219C651000BBE1A /* GeneralSheetController.m */; };
		09C01B922219C8A4000BBE1A /* VerifyRepairPermissions.xib in Resources */ = {isa = PBXBuildFile; fileRef = 7786EE511F35E0A0001B6B5F /* VerifyRepairPermissions.xib */; };
		77274C5B1EF6BAB000243954 /* ZKSwizzle_LICENSE in Resources */ = {isa = PBXBuildFile; fileRef = 77274C5A1EF6BAB000243954 /* ZKSwizzle_LICENSE */; };
		7746F04E1F3B234C0034FD11 /* DUEVerifyRepairSheetController.m in Sources */ = {isa = PBXBuildFile; fileRef = 7746F04D1F3B234C0034FD11 /* DUEVerifyRepairSheetController.m */; };
		775420FB1EF568AF0071FBEB /* ZKSwizzle.m in Sources */ = {isa = PBXBuildFile; fileRef = 775420FA1EF568AF0071FBEB /* ZKSwizzle.m */; settings = {COMPILER_FLAGS = "-fno-objc-arc"; }; };
		776253E81EFB01C90070463D /* StorageKit.framework in Frameworks */ = {isa = PBXBuildFile; fileRef = 776253E71EFB01C90070463D /* StorageKit.framework */; };
		7766D7A31F49F45800DCA444 /* RepairPermissionsUtility in Resources */ = {isa = PBXBuildFile; fileRef = 77A79E461F311AF90041D107 /* RepairPermissionsUtility */; };
		7778613E1F34E8E4007B145C /* main.m in Sources */ = {isa = PBXBuildFile; fileRef = 7778613D1F34E8E4007B145C /* main.m */; };
		7778614C1F34E8F5007B145C /* org.npyl.EnhanceDiskUtility.SMJobBlessHelper in CopyFiles */ = {isa = PBXBuildFile; fileRef = 77F76DC91F34D82B00ADAD8B /* org.npyl.EnhanceDiskUtility.SMJobBlessHelper */; settings = {ATTRIBUTES = (CodeSignOnCopy, ); }; };
		7778614D1F34E928007B145C /* SMJobBlessHelperCaller.app in CopyFiles */ = {isa = PBXBuildFile; fileRef = 777861371F34E8E4007B145C /* SMJobBlessHelperCaller.app */; settings = {ATTRIBUTES = (RemoveHeadersOnCopy, ); }; };
		77A79E491F311C850041D107 /* RepairPermissionsUtility_LICENSE in Resources */ = {isa = PBXBuildFile; fileRef = 77A79E481F311C850041D107 /* RepairPermissionsUtility_LICENSE */; };
		77DB43721EF47ADD00B1067C /* main.m in Sources */ = {isa = PBXBuildFile; fileRef = 77DB43711EF47ADD00B1067C /* main.m */; };
		77F76DD31F34D99500ADAD8B /* SMJobBlessHelper.m in Sources */ = {isa = PBXBuildFile; fileRef = 77DBCD0B1F32189A00186770 /* SMJobBlessHelper.m */; };
		EC44307E204B5424006C4504 /* Credits.rtf in Resources */ = {isa = PBXBuildFile; fileRef = EC44307D204B5424006C4504 /* Credits.rtf */; };
/* End PBXBuildFile section */

/* Begin PBXCopyFilesBuildPhase section */
		7778614B1F34E8EF007B145C /* CopyFiles */ = {
			isa = PBXCopyFilesBuildPhase;
			buildActionMask = 2147483647;
			dstPath = Contents/Library/LaunchServices;
			dstSubfolderSpec = 1;
			files = (
				7778614C1F34E8F5007B145C /* org.npyl.EnhanceDiskUtility.SMJobBlessHelper in CopyFiles */,
			);
			runOnlyForDeploymentPostprocessing = 0;
		};
		77F76DE11F34DAEC00ADAD8B /* CopyFiles */ = {
			isa = PBXCopyFilesBuildPhase;
			buildActionMask = 2147483647;
			dstPath = "";
			dstSubfolderSpec = 7;
			files = (
				7778614D1F34E928007B145C /* SMJobBlessHelperCaller.app in CopyFiles */,
			);
			runOnlyForDeploymentPostprocessing = 0;
		};
/* End PBXCopyFilesBuildPhase section */

/* Begin PBXFileReference section */
		0996E4CD21068B98009B5E82 /* AMR_ANSIEscapeHelper.h */ = {isa = PBXFileReference; fileEncoding = 4; lastKnownFileType = sourcecode.c.h; path = AMR_ANSIEscapeHelper.h; sourceTree = "<group>"; };
		0996E4CE21068B98009B5E82 /* AMR_ANSIEscapeHelper.m */ = {isa = PBXFileReference; fileEncoding = 4; lastKnownFileType = sourcecode.c.objc; path = AMR_ANSIEscapeHelper.m; sourceTree = "<group>"; };
		0996E4D121068BD9009B5E82 /* NSAlert+runModalSheet.m */ = {isa = PBXFileReference; fileEncoding = 4; lastKnownFileType = sourcecode.c.objc; name = "NSAlert+runModalSheet.m"; path = "EnhanceDiskUtility/Extensions/NSAlert+runModalSheet.m"; sourceTree = SOURCE_ROOT; };
		0996E4D221068BD9009B5E82 /* NSAlert+runModalSheet.h */ = {isa = PBXFileReference; fileEncoding = 4; lastKnownFileType = sourcecode.c.h; name = "NSAlert+runModalSheet.h"; path = "EnhanceDiskUtility/Extensions/NSAlert+runModalSheet.h"; sourceTree = SOURCE_ROOT; };
		09C01B8F2219C651000BBE1A /* GeneralSheetController.m */ = {isa = PBXFileReference; fileEncoding = 4; lastKnownFileType = sourcecode.c.objc; path = GeneralSheetController.m; sourceTree = "<group>"; };
		09C01B902219C651000BBE1A /* GeneralSheetController.h */ = {isa = PBXFileReference; fileEncoding = 4; lastKnownFileType = sourcecode.c.h; path = GeneralSheetController.h; sourceTree = "<group>"; };
		77274C5A1EF6BAB000243954 /* ZKSwizzle_LICENSE */ = {isa = PBXFileReference; fileEncoding = 4; lastKnownFileType = text; name = ZKSwizzle_LICENSE; path = ZKSwizzle/ZKSwizzle_LICENSE; sourceTree = "<group>"; };
		7746F04C1F3B234C0034FD11 /* DUEVerifyRepairSheetController.h */ = {isa = PBXFileReference; fileEncoding = 4; lastKnownFileType = sourcecode.c.h; path = DUEVerifyRepairSheetController.h; sourceTree = "<group>"; };
		7746F04D1F3B234C0034FD11 /* DUEVerifyRepairSheetController.m */ = {isa = PBXFileReference; fileEncoding = 4; lastKnownFileType = sourcecode.c.objc; path = DUEVerifyRepairSheetController.m; sourceTree = "<group>"; };
		775420F91EF568AF0071FBEB /* ZKSwizzle.h */ = {isa = PBXFileReference; fileEncoding = 4; lastKnownFileType = sourcecode.c.h; name = ZKSwizzle.h; path = ZKSwizzle/ZKSwizzle.h; sourceTree = "<group>"; };
		775420FA1EF568AF0071FBEB /* ZKSwizzle.m */ = {isa = PBXFileReference; fileEncoding = 4; lastKnownFileType = sourcecode.c.objc; name = ZKSwizzle.m; path = ZKSwizzle/ZKSwizzle.m; sourceTree = "<group>"; };
		776253E51EFB01520070463D /* StorageKit.h */ = {isa = PBXFileReference; lastKnownFileType = sourcecode.c.h; path = StorageKit.h; sourceTree = "<group>"; };
		776253E71EFB01C90070463D /* StorageKit.framework */ = {isa = PBXFileReference; lastKnownFileType = wrapper.framework; name = StorageKit.framework; path = ../../../../System/Library/PrivateFrameworks/StorageKit.framework; sourceTree = "<group>"; };
		777861371F34E8E4007B145C /* SMJobBlessHelperCaller.app */ = {isa = PBXFileReference; explicitFileType = wrapper.application; includeInIndex = 0; path = SMJobBlessHelperCaller.app; sourceTree = BUILT_PRODUCTS_DIR; };
		7778613D1F34E8E4007B145C /* main.m */ = {isa = PBXFileReference; lastKnownFileType = sourcecode.c.objc; path = main.m; sourceTree = "<group>"; };
		777861471F34E8E4007B145C /* Info.plist */ = {isa = PBXFileReference; lastKnownFileType = text.plist.xml; path = Info.plist; sourceTree = "<group>"; };
		7786EE511F35E0A0001B6B5F /* VerifyRepairPermissions.xib */ = {isa = PBXFileReference; fileEncoding = 4; lastKnownFileType = file.xib; name = VerifyRepairPermissions.xib; path = ../VerifyRepairPermissions.xib; sourceTree = "<group>"; };
		77A79E461F311AF90041D107 /* RepairPermissionsUtility */ = {isa = PBXFileReference; lastKnownFileType = "compiled.mach-o.executable"; path = RepairPermissionsUtility; sourceTree = "<group>"; };
		77A79E481F311C850041D107 /* RepairPermissionsUtility_LICENSE */ = {isa = PBXFileReference; fileEncoding = 4; lastKnownFileType = text; path = RepairPermissionsUtility_LICENSE; sourceTree = "<group>"; };
		77DB43681EF47AC800B1067C /* EnhanceDiskUtility.bundle */ = {isa = PBXFileReference; explicitFileType = wrapper.cfbundle; includeInIndex = 0; path = EnhanceDiskUtility.bundle; sourceTree = BUILT_PRODUCTS_DIR; };
		77DB436B1EF47AC800B1067C /* Info.plist */ = {isa = PBXFileReference; lastKnownFileType = text.plist.xml; path = Info.plist; sourceTree = "<group>"; };
		77DB43711EF47ADD00B1067C /* main.m */ = {isa = PBXFileReference; fileEncoding = 4; lastKnownFileType = sourcecode.c.objc; path = main.m; sourceTree = "<group>"; };
		77DB43731EF47E7600B1067C /* main.h */ = {isa = PBXFileReference; lastKnownFileType = sourcecode.c.h; path = main.h; sourceTree = "<group>"; };
		77DBCD091F32189A00186770 /* SMJobBlessHelper-Info.plist */ = {isa = PBXFileReference; fileEncoding = 4; lastKnownFileType = text.plist.xml; path = "SMJobBlessHelper-Info.plist"; sourceTree = "<group>"; };
		77DBCD0A1F32189A00186770 /* SMJobBlessHelper-Launchd.plist */ = {isa = PBXFileReference; fileEncoding = 4; lastKnownFileType = text.plist.xml; path = "SMJobBlessHelper-Launchd.plist"; sourceTree = "<group>"; };
		77DBCD0B1F32189A00186770 /* SMJobBlessHelper.m */ = {isa = PBXFileReference; fileEncoding = 4; lastKnownFileType = sourcecode.c.objc; path = SMJobBlessHelper.m; sourceTree = "<group>"; };
		77F76DC91F34D82B00ADAD8B /* org.npyl.EnhanceDiskUtility.SMJobBlessHelper */ = {isa = PBXFileReference; explicitFileType = "compiled.mach-o.executable"; includeInIndex = 0; path = org.npyl.EnhanceDiskUtility.SMJobBlessHelper; sourceTree = BUILT_PRODUCTS_DIR; };
		EC44307D204B5424006C4504 /* Credits.rtf */ = {isa = PBXFileReference; fileEncoding = 4; lastKnownFileType = text.rtf; path = Credits.rtf; sourceTree = "<group>"; };
/* End PBXFileReference section */

/* Begin PBXFrameworksBuildPhase section */
		777861341F34E8E4007B145C /* Frameworks */ = {
			isa = PBXFrameworksBuildPhase;
			buildActionMask = 2147483647;
			files = (
			);
			runOnlyForDeploymentPostprocessing = 0;
		};
		77DB43651EF47AC800B1067C /* Frameworks */ = {
			isa = PBXFrameworksBuildPhase;
			buildActionMask = 2147483647;
			files = (
				776253E81EFB01C90070463D /* StorageKit.framework in Frameworks */,
			);
			runOnlyForDeploymentPostprocessing = 0;
		};
		77F76DC61F34D82B00ADAD8B /* Frameworks */ = {
			isa = PBXFrameworksBuildPhase;
			buildActionMask = 2147483647;
			files = (
			);
			runOnlyForDeploymentPostprocessing = 0;
		};
/* End PBXFrameworksBuildPhase section */

/* Begin PBXGroup section */
		0996E4C821068987009B5E82 /* ANSIEscapeHelper */ = {
			isa = PBXGroup;
			children = (
				0996E4CD21068B98009B5E82 /* AMR_ANSIEscapeHelper.h */,
				0996E4CE21068B98009B5E82 /* AMR_ANSIEscapeHelper.m */,
			);
			path = ANSIEscapeHelper;
			sourceTree = "<group>";
		};
		0996E4D021068BBC009B5E82 /* Extensions */ = {
			isa = PBXGroup;
			children = (
				0996E4D221068BD9009B5E82 /* NSAlert+runModalSheet.h */,
				0996E4D121068BD9009B5E82 /* NSAlert+runModalSheet.m */,
			);
			name = Extensions;
			path = "New Group";
			sourceTree = "<group>";
		};
		09C01B8E2219C643000BBE1A /* GeneralSheetController */ = {
			isa = PBXGroup;
			children = (
				09C01B902219C651000BBE1A /* GeneralSheetController.h */,
				09C01B8F2219C651000BBE1A /* GeneralSheetController.m */,
			);
			path = GeneralSheetController;
			sourceTree = "<group>";
		};
		77274C5E1EF6D49000243954 /* ZKSwizzle */ = {
			isa = PBXGroup;
			children = (
				77274C5A1EF6BAB000243954 /* ZKSwizzle_LICENSE */,
				775420F91EF568AF0071FBEB /* ZKSwizzle.h */,
				775420FA1EF568AF0071FBEB /* ZKSwizzle.m */,
			);
			name = ZKSwizzle;
			sourceTree = "<group>";
		};
		776253E61EFB01C90070463D /* Frameworks */ = {
			isa = PBXGroup;
			children = (
				776253E71EFB01C90070463D /* StorageKit.framework */,
			);
			name = Frameworks;
			path = ..;
			sourceTree = "<group>";
		};
		777861381F34E8E4007B145C /* SMJobBlessHelperCaller */ = {
			isa = PBXGroup;
			children = (
				777861471F34E8E4007B145C /* Info.plist */,
				7778613D1F34E8E4007B145C /* main.m */,
			);
			path = SMJobBlessHelperCaller;
			sourceTree = "<group>";
		};
		77A79E451F311ACC0041D107 /* Resources */ = {
			isa = PBXGroup;
			children = (
				77A79E461F311AF90041D107 /* RepairPermissionsUtility */,
				77A79E481F311C850041D107 /* RepairPermissionsUtility_LICENSE */,
			);
			name = Resources;
			path = ..;
			sourceTree = "<group>";
		};
		77DB435F1EF47AC800B1067C = {
			isa = PBXGroup;
			children = (
				77DBCD031F32188500186770 /* SMJobBlessHelper */,
				777861381F34E8E4007B145C /* SMJobBlessHelperCaller */,
				77DB436A1EF47AC800B1067C /* EnhanceDiskUtility */,
				77DB43691EF47AC800B1067C /* Products */,
			);
			sourceTree = "<group>";
		};
		77DB43691EF47AC800B1067C /* Products */ = {
			isa = PBXGroup;
			children = (
				77DB43681EF47AC800B1067C /* EnhanceDiskUtility.bundle */,
				77F76DC91F34D82B00ADAD8B /* org.npyl.EnhanceDiskUtility.SMJobBlessHelper */,
				777861371F34E8E4007B145C /* SMJobBlessHelperCaller.app */,
			);
			name = Products;
			sourceTree = "<group>";
		};
		77DB436A1EF47AC800B1067C /* EnhanceDiskUtility */ = {
			isa = PBXGroup;
			children = (
				09C01B8E2219C643000BBE1A /* GeneralSheetController */,
				0996E4D021068BBC009B5E82 /* Extensions */,
				EC44307F204B5475006C4504 /* Supporting Files */,
				77A79E451F311ACC0041D107 /* Resources */,
				776253E61EFB01C90070463D /* Frameworks */,
				0996E4C821068987009B5E82 /* ANSIEscapeHelper */,
				77274C5E1EF6D49000243954 /* ZKSwizzle */,
				77DB436B1EF47AC800B1067C /* Info.plist */,
				776253E51EFB01520070463D /* StorageKit.h */,
				7746F04C1F3B234C0034FD11 /* DUEVerifyRepairSheetController.h */,
				7746F04D1F3B234C0034FD11 /* DUEVerifyRepairSheetController.m */,
				77DB43731EF47E7600B1067C /* main.h */,
				77DB43711EF47ADD00B1067C /* main.m */,
				7786EE511F35E0A0001B6B5F /* VerifyRepairPermissions.xib */,
			);
			path = EnhanceDiskUtility;
			sourceTree = "<group>";
		};
		77DBCD031F32188500186770 /* SMJobBlessHelper */ = {
			isa = PBXGroup;
			children = (
				77DBCD091F32189A00186770 /* SMJobBlessHelper-Info.plist */,
				77DBCD0A1F32189A00186770 /* SMJobBlessHelper-Launchd.plist */,
				77DBCD0B1F32189A00186770 /* SMJobBlessHelper.m */,
			);
			path = SMJobBlessHelper;
			sourceTree = "<group>";
		};
		EC44307F204B5475006C4504 /* Supporting Files */ = {
			isa = PBXGroup;
			children = (
				EC44307D204B5424006C4504 /* Credits.rtf */,
			);
			path = "Supporting Files";
			sourceTree = "<group>";
		};
/* End PBXGroup section */

/* Begin PBXNativeTarget section */
		777861361F34E8E4007B145C /* SMJobBlessHelperCaller */ = {
			isa = PBXNativeTarget;
			buildConfigurationList = 777861481F34E8E4007B145C /* Build configuration list for PBXNativeTarget "SMJobBlessHelperCaller" */;
			buildPhases = (
				777861331F34E8E4007B145C /* Sources */,
				777861341F34E8E4007B145C /* Frameworks */,
				777861351F34E8E4007B145C /* Resources */,
				7778614B1F34E8EF007B145C /* CopyFiles */,
			);
			buildRules = (
			);
			dependencies = (
			);
			name = SMJobBlessHelperCaller;
			productName = SMJobBlessHelperCaller;
			productReference = 777861371F34E8E4007B145C /* SMJobBlessHelperCaller.app */;
			productType = "com.apple.product-type.application";
		};
		77DB43671EF47AC800B1067C /* EnhanceDiskUtility */ = {
			isa = PBXNativeTarget;
			buildConfigurationList = 77DB436E1EF47AC800B1067C /* Build configuration list for PBXNativeTarget "EnhanceDiskUtility" */;
			buildPhases = (
				77DB43641EF47AC800B1067C /* Sources */,
				77DB43651EF47AC800B1067C /* Frameworks */,
				77DB43661EF47AC800B1067C /* Resources */,
				77F76DE11F34DAEC00ADAD8B /* CopyFiles */,
			);
			buildRules = (
			);
			dependencies = (
			);
			name = EnhanceDiskUtility;
			productName = EnhanceDiskUtility;
			productReference = 77DB43681EF47AC800B1067C /* EnhanceDiskUtility.bundle */;
			productType = "com.apple.product-type.bundle";
		};
		77F76DC81F34D82B00ADAD8B /* SMJobBlessHelper */ = {
			isa = PBXNativeTarget;
			buildConfigurationList = 77F76DCD1F34D82B00ADAD8B /* Build configuration list for PBXNativeTarget "SMJobBlessHelper" */;
			buildPhases = (
				77F76DC51F34D82B00ADAD8B /* Sources */,
				77F76DC61F34D82B00ADAD8B /* Frameworks */,
			);
			buildRules = (
			);
			dependencies = (
			);
			name = SMJobBlessHelper;
			productName = SMJobBlessHelper;
			productReference = 77F76DC91F34D82B00ADAD8B /* org.npyl.EnhanceDiskUtility.SMJobBlessHelper */;
			productType = "com.apple.product-type.tool";
		};
/* End PBXNativeTarget section */

/* Begin PBXProject section */
		77DB43601EF47AC800B1067C /* Project object */ = {
			isa = PBXProject;
			attributes = {
				KnownAssetTags = (
					New,
				);
				LastUpgradeCheck = 1010;
				ORGANIZATIONNAME = ulcheats;
				TargetAttributes = {
					777861361F34E8E4007B145C = {
						CreatedOnToolsVersion = 8.3.3;
						DevelopmentTeam = CC63MSFH9N;
						ProvisioningStyle = Manual;
					};
					77DB43671EF47AC800B1067C = {
						CreatedOnToolsVersion = 8.3.2;
						DevelopmentTeam = CC63MSFH9N;
						ProvisioningStyle = Manual;
					};
					77F76DC81F34D82B00ADAD8B = {
						CreatedOnToolsVersion = 8.3.3;
						DevelopmentTeam = CC63MSFH9N;
						ProvisioningStyle = Manual;
					};
				};
			};
			buildConfigurationList = 77DB43631EF47AC800B1067C /* Build configuration list for PBXProject "EnhanceDiskUtility" */;
			compatibilityVersion = "Xcode 3.2";
			developmentRegion = English;
			hasScannedForEncodings = 0;
			knownRegions = (
				en,
				Base,
			);
			mainGroup = 77DB435F1EF47AC800B1067C;
			productRefGroup = 77DB43691EF47AC800B1067C /* Products */;
			projectDirPath = "";
			projectRoot = "";
			targets = (
				77DB43671EF47AC800B1067C /* EnhanceDiskUtility */,
				77F76DC81F34D82B00ADAD8B /* SMJobBlessHelper */,
				777861361F34E8E4007B145C /* SMJobBlessHelperCaller */,
			);
		};
/* End PBXProject section */

/* Begin PBXResourcesBuildPhase section */
		777861351F34E8E4007B145C /* Resources */ = {
			isa = PBXResourcesBuildPhase;
			buildActionMask = 2147483647;
			files = (
			);
			runOnlyForDeploymentPostprocessing = 0;
		};
		77DB43661EF47AC800B1067C /* Resources */ = {
			isa = PBXResourcesBuildPhase;
			buildActionMask = 2147483647;
			files = (
				EC44307E204B5424006C4504 /* Credits.rtf in Resources */,
				7766D7A31F49F45800DCA444 /* RepairPermissionsUtility in Resources */,
				77274C5B1EF6BAB000243954 /* ZKSwizzle_LICENSE in Resources */,
				77A79E491F311C850041D107 /* RepairPermissionsUtility_LICENSE in Resources */,
				09C01B922219C8A4000BBE1A /* VerifyRepairPermissions.xib in Resources */,
			);
			runOnlyForDeploymentPostprocessing = 0;
		};
/* End PBXResourcesBuildPhase section */

/* Begin PBXSourcesBuildPhase section */
		777861331F34E8E4007B145C /* Sources */ = {
			isa = PBXSourcesBuildPhase;
			buildActionMask = 2147483647;
			files = (
				7778613E1F34E8E4007B145C /* main.m in Sources */,
			);
			runOnlyForDeploymentPostprocessing = 0;
		};
		77DB43641EF47AC800B1067C /* Sources */ = {
			isa = PBXSourcesBuildPhase;
			buildActionMask = 2147483647;
			files = (
				09C01B912219C651000BBE1A /* GeneralSheetController.m in Sources */,
				0996E4CF21068B98009B5E82 /* AMR_ANSIEscapeHelper.m in Sources */,
				0996E4D321068BD9009B5E82 /* NSAlert+runModalSheet.m in Sources */,
				77DB43721EF47ADD00B1067C /* main.m in Sources */,
				7746F04E1F3B234C0034FD11 /* DUEVerifyRepairSheetController.m in Sources */,
				775420FB1EF568AF0071FBEB /* ZKSwizzle.m in Sources */,
			);
			runOnlyForDeploymentPostprocessing = 0;
		};
		77F76DC51F34D82B00ADAD8B /* Sources */ = {
			isa = PBXSourcesBuildPhase;
			buildActionMask = 2147483647;
			files = (
				77F76DD31F34D99500ADAD8B /* SMJobBlessHelper.m in Sources */,
			);
			runOnlyForDeploymentPostprocessing = 0;
		};
/* End PBXSourcesBuildPhase section */

/* Begin XCBuildConfiguration section */
		777861491F34E8E4007B145C /* Debug */ = {
			isa = XCBuildConfiguration;
			buildSettings = {
				ASSETCATALOG_COMPILER_APPICON_NAME = AppIcon;
				CLANG_ENABLE_OBJC_ARC = NO;
				CLANG_ENABLE_OBJC_WEAK = YES;
				CODE_SIGN_IDENTITY = "Mac Developer";
				COMBINE_HIDPI_IMAGES = YES;
				DEVELOPMENT_TEAM = CC63MSFH9N;
				INFOPLIST_FILE = SMJobBlessHelperCaller/Info.plist;
				LD_RUNPATH_SEARCH_PATHS = "$(inherited) @executable_path/../Frameworks";
				ONLY_ACTIVE_ARCH = YES;
				PRODUCT_BUNDLE_IDENTIFIER = org.npyl.EnhanceDiskUtility.SMJobBlessHelperCaller;
				PRODUCT_NAME = "$(TARGET_NAME)";
				PROVISIONING_PROFILE_SPECIFIER = "";
			};
			name = Debug;
		};
		7778614A1F34E8E4007B145C /* Release */ = {
			isa = XCBuildConfiguration;
			buildSettings = {
				ASSETCATALOG_COMPILER_APPICON_NAME = AppIcon;
				CLANG_ENABLE_OBJC_ARC = NO;
				CLANG_ENABLE_OBJC_WEAK = YES;
				CODE_SIGN_IDENTITY = "Mac Developer";
				COMBINE_HIDPI_IMAGES = YES;
				DEVELOPMENT_TEAM = CC63MSFH9N;
				INFOPLIST_FILE = SMJobBlessHelperCaller/Info.plist;
				LD_RUNPATH_SEARCH_PATHS = "$(inherited) @executable_path/../Frameworks";
				ONLY_ACTIVE_ARCH = NO;
				PRODUCT_BUNDLE_IDENTIFIER = org.npyl.EnhanceDiskUtility.SMJobBlessHelperCaller;
				PRODUCT_NAME = "$(TARGET_NAME)";
				PROVISIONING_PROFILE_SPECIFIER = "";
			};
			name = Release;
		};
		77DB436C1EF47AC800B1067C /* Debug */ = {
			isa = XCBuildConfiguration;
			buildSettings = {
				ALWAYS_SEARCH_USER_PATHS = NO;
				CLANG_ANALYZER_NONNULL = YES;
				CLANG_ANALYZER_NUMBER_OBJECT_CONVERSION = YES_AGGRESSIVE;
				CLANG_CXX_LANGUAGE_STANDARD = "gnu++0x";
				CLANG_CXX_LIBRARY = "libc++";
				CLANG_ENABLE_MODULES = YES;
				CLANG_ENABLE_OBJC_ARC = YES;
				CLANG_WARN_BLOCK_CAPTURE_AUTORELEASING = YES;
				CLANG_WARN_BOOL_CONVERSION = YES;
				CLANG_WARN_COMMA = YES;
				CLANG_WARN_CONSTANT_CONVERSION = YES;
				CLANG_WARN_DEPRECATED_OBJC_IMPLEMENTATIONS = YES;
				CLANG_WARN_DIRECT_OBJC_ISA_USAGE = YES_ERROR;
				CLANG_WARN_DOCUMENTATION_COMMENTS = YES;
				CLANG_WARN_EMPTY_BODY = YES;
				CLANG_WARN_ENUM_CONVERSION = YES;
				CLANG_WARN_INFINITE_RECURSION = YES;
				CLANG_WARN_INT_CONVERSION = YES;
				CLANG_WARN_NON_LITERAL_NULL_CONVERSION = YES;
				CLANG_WARN_OBJC_IMPLICIT_RETAIN_SELF = YES;
				CLANG_WARN_OBJC_LITERAL_CONVERSION = YES;
				CLANG_WARN_OBJC_ROOT_CLASS = YES_ERROR;
				CLANG_WARN_RANGE_LOOP_ANALYSIS = YES;
				CLANG_WARN_STRICT_PROTOTYPES = YES;
				CLANG_WARN_SUSPICIOUS_MOVE = YES;
				CLANG_WARN_UNREACHABLE_CODE = YES;
				CLANG_WARN__DUPLICATE_METHOD_MATCH = YES;
				CODE_SIGN_IDENTITY = "-";
				COPY_PHASE_STRIP = NO;
				DEBUG_INFORMATION_FORMAT = dwarf;
				ENABLE_STRICT_OBJC_MSGSEND = YES;
				ENABLE_TESTABILITY = YES;
				GCC_C_LANGUAGE_STANDARD = gnu99;
				GCC_DYNAMIC_NO_PIC = NO;
				GCC_NO_COMMON_BLOCKS = YES;
				GCC_OPTIMIZATION_LEVEL = 0;
				GCC_PREPROCESSOR_DEFINITIONS = (
					"DEBUG=1",
					"$(inherited)",
				);
				GCC_WARN_64_TO_32_BIT_CONVERSION = YES;
				GCC_WARN_ABOUT_RETURN_TYPE = YES_ERROR;
				GCC_WARN_UNDECLARED_SELECTOR = YES;
				GCC_WARN_UNINITIALIZED_AUTOS = YES_AGGRESSIVE;
				GCC_WARN_UNUSED_FUNCTION = YES;
				GCC_WARN_UNUSED_VARIABLE = YES;
				MACOSX_DEPLOYMENT_TARGET = 10.12;
				MTL_ENABLE_DEBUG_INFO = YES;
				ONLY_ACTIVE_ARCH = YES;
				SDKROOT = macosx;
			};
			name = Debug;
		};
		77DB436D1EF47AC800B1067C /* Release */ = {
			isa = XCBuildConfiguration;
			buildSettings = {
				ALWAYS_SEARCH_USER_PATHS = NO;
				CLANG_ANALYZER_NONNULL = YES;
				CLANG_ANALYZER_NUMBER_OBJECT_CONVERSION = YES_AGGRESSIVE;
				CLANG_CXX_LANGUAGE_STANDARD = "gnu++0x";
				CLANG_CXX_LIBRARY = "libc++";
				CLANG_ENABLE_MODULES = YES;
				CLANG_ENABLE_OBJC_ARC = YES;
				CLANG_WARN_BLOCK_CAPTURE_AUTORELEASING = YES;
				CLANG_WARN_BOOL_CONVERSION = YES;
				CLANG_WARN_COMMA = YES;
				CLANG_WARN_CONSTANT_CONVERSION = YES;
				CLANG_WARN_DEPRECATED_OBJC_IMPLEMENTATIONS = YES;
				CLANG_WARN_DIRECT_OBJC_ISA_USAGE = YES_ERROR;
				CLANG_WARN_DOCUMENTATION_COMMENTS = YES;
				CLANG_WARN_EMPTY_BODY = YES;
				CLANG_WARN_ENUM_CONVERSION = YES;
				CLANG_WARN_INFINITE_RECURSION = YES;
				CLANG_WARN_INT_CONVERSION = YES;
				CLANG_WARN_NON_LITERAL_NULL_CONVERSION = YES;
				CLANG_WARN_OBJC_IMPLICIT_RETAIN_SELF = YES;
				CLANG_WARN_OBJC_LITERAL_CONVERSION = YES;
				CLANG_WARN_OBJC_ROOT_CLASS = YES_ERROR;
				CLANG_WARN_RANGE_LOOP_ANALYSIS = YES;
				CLANG_WARN_STRICT_PROTOTYPES = YES;
				CLANG_WARN_SUSPICIOUS_MOVE = YES;
				CLANG_WARN_UNREACHABLE_CODE = YES;
				CLANG_WARN__DUPLICATE_METHOD_MATCH = YES;
				CODE_SIGN_IDENTITY = "-";
				COPY_PHASE_STRIP = NO;
				DEBUG_INFORMATION_FORMAT = "dwarf-with-dsym";
				ENABLE_NS_ASSERTIONS = NO;
				ENABLE_STRICT_OBJC_MSGSEND = YES;
				GCC_C_LANGUAGE_STANDARD = gnu99;
				GCC_NO_COMMON_BLOCKS = YES;
				GCC_WARN_64_TO_32_BIT_CONVERSION = YES;
				GCC_WARN_ABOUT_RETURN_TYPE = YES_ERROR;
				GCC_WARN_UNDECLARED_SELECTOR = YES;
				GCC_WARN_UNINITIALIZED_AUTOS = YES_AGGRESSIVE;
				GCC_WARN_UNUSED_FUNCTION = YES;
				GCC_WARN_UNUSED_VARIABLE = YES;
				MACOSX_DEPLOYMENT_TARGET = 10.12;
				MTL_ENABLE_DEBUG_INFO = NO;
				SDKROOT = macosx;
			};
			name = Release;
		};
		77DB436F1EF47AC800B1067C /* Debug */ = {
			isa = XCBuildConfiguration;
			buildSettings = {
				CLANG_ENABLE_OBJC_ARC = YES;
				CODE_SIGN_IDENTITY = "Mac Developer";
				COMBINE_HIDPI_IMAGES = YES;
				DEVELOPMENT_TEAM = CC63MSFH9N;
				FRAMEWORK_SEARCH_PATHS = (
					"$(inherited)",
					"$(SYSTEM_LIBRARY_DIR)/PrivateFrameworks",
					"$(PROJECT_DIR)/EnhanceDiskUtility",
					"$(LOCAL_LIBRARY_DIR)/Frameworks",
				);
				INFOPLIST_FILE = EnhanceDiskUtility/Info.plist;
				INSTALL_PATH = "$(LOCAL_LIBRARY_DIR)/Bundles";
				ONLY_ACTIVE_ARCH = YES;
				PRODUCT_BUNDLE_IDENTIFIER = ulcheats.EnhanceDiskUtility;
				PRODUCT_NAME = "$(TARGET_NAME)";
				PROVISIONING_PROFILE_SPECIFIER = "";
				SKIP_INSTALL = YES;
				WRAPPER_EXTENSION = bundle;
			};
			name = Debug;
		};
		77DB43701EF47AC800B1067C /* Release */ = {
			isa = XCBuildConfiguration;
			buildSettings = {
				CLANG_ENABLE_OBJC_ARC = YES;
				CODE_SIGN_IDENTITY = "Mac Developer";
				COMBINE_HIDPI_IMAGES = YES;
				DEVELOPMENT_TEAM = CC63MSFH9N;
				FRAMEWORK_SEARCH_PATHS = (
					"$(inherited)",
					"$(SYSTEM_LIBRARY_DIR)/PrivateFrameworks",
					"$(PROJECT_DIR)/EnhanceDiskUtility",
					"$(LOCAL_LIBRARY_DIR)/Frameworks",
				);
				INFOPLIST_FILE = EnhanceDiskUtility/Info.plist;
				INSTALL_PATH = "$(LOCAL_LIBRARY_DIR)/Bundles";
				ONLY_ACTIVE_ARCH = NO;
				PRODUCT_BUNDLE_IDENTIFIER = ulcheats.EnhanceDiskUtility;
				PRODUCT_NAME = "$(TARGET_NAME)";
				PROVISIONING_PROFILE_SPECIFIER = "";
				SKIP_INSTALL = YES;
				WRAPPER_EXTENSION = bundle;
			};
			name = Release;
		};
		77F76DCE1F34D82B00ADAD8B /* Debug */ = {
			isa = XCBuildConfiguration;
			buildSettings = {
				CLANG_ENABLE_OBJC_ARC = YES;
				CODE_SIGN_IDENTITY = "Mac Developer: n.pylarinos@hotmail.com (C674784ZBL)";
				DEVELOPMENT_TEAM = CC63MSFH9N;
				INFOPLIST_FILE = "$(SRCROOT)/SMJobBlessHelper/SMJobBlessHelper-Info.plist";
				INFOPLIST_PREPROCESS = YES;
				ONLY_ACTIVE_ARCH = YES;
				OTHER_LDFLAGS = (
					"-sectcreate",
					__TEXT,
					__info_plist,
					"SMJobBlessHelper/SMJobBlessHelper-Info.plist",
					"-sectcreate",
					__TEXT,
					__launchd_plist,
					"SMJobBlessHelper/SMJobBlessHelper-Launchd.plist",
				);
				PRODUCT_BUNDLE_IDENTIFIER = org.npyl.EnhanceDiskUtility.SMJobBlessHelper;
				PRODUCT_MODULE_NAME = "$(PRODUCT_NAME:c99extidentifier)";
				PRODUCT_NAME = org.npyl.EnhanceDiskUtility.SMJobBlessHelper;
				PROVISIONING_PROFILE_SPECIFIER = "";
			};
			name = Debug;
		};
		77F76DCF1F34D82B00ADAD8B /* Release */ = {
			isa = XCBuildConfiguration;
			buildSettings = {
				CLANG_ENABLE_OBJC_ARC = YES;
				CODE_SIGN_IDENTITY = "Mac Developer: n.pylarinos@hotmail.com (C674784ZBL)";
				DEVELOPMENT_TEAM = CC63MSFH9N;
				INFOPLIST_FILE = "$(SRCROOT)/SMJobBlessHelper/SMJobBlessHelper-Info.plist";
				INFOPLIST_PREPROCESS = YES;
				INFOPLIST_PREPROCESSOR_DEFINITIONS = SMJOBBLESS_RELEASE;
				ONLY_ACTIVE_ARCH = NO;
				OTHER_LDFLAGS = (
					"-sectcreate",
					__TEXT,
					__info_plist,
					"SMJobBlessHelper/SMJobBlessHelper-Info.plist",
					"-sectcreate",
					__TEXT,
					__launchd_plist,
					"SMJobBlessHelper/SMJobBlessHelper-Launchd.plist",
				);
				PRODUCT_BUNDLE_IDENTIFIER = org.npyl.EnhanceDiskUtility.SMJobBlessHelper;
				PRODUCT_MODULE_NAME = "$(PRODUCT_NAME:c99extidentifier)";
				PRODUCT_NAME = org.npyl.EnhanceDiskUtility.SMJobBlessHelper;
				PROVISIONING_PROFILE_SPECIFIER = "";
			};
			name = Release;
		};
/* End XCBuildConfiguration section */

/* Begin XCConfigurationList section */
		777861481F34E8E4007B145C /* Build configuration list for PBXNativeTarget "SMJobBlessHelperCaller" */ = {
			isa = XCConfigurationList;
			buildConfigurations = (
				777861491F34E8E4007B145C /* Debug */,
				7778614A1F34E8E4007B145C /* Release */,
			);
			defaultConfigurationIsVisible = 0;
			defaultConfigurationName = Release;
		};
		77DB43631EF47AC800B1067C /* Build configuration list for PBXProject "EnhanceDiskUtility" */ = {
			isa = XCConfigurationList;
			buildConfigurations = (
				77DB436C1EF47AC800B1067C /* Debug */,
				77DB436D1EF47AC800B1067C /* Release */,
			);
			defaultConfigurationIsVisible = 0;
			defaultConfigurationName = Release;
		};
		77DB436E1EF47AC800B1067C /* Build configuration list for PBXNativeTarget "EnhanceDiskUtility" */ = {
			isa = XCConfigurationList;
			buildConfigurations = (
				77DB436F1EF47AC800B1067C /* Debug */,
				77DB43701EF47AC800B1067C /* Release */,
			);
			defaultConfigurationIsVisible = 0;
			defaultConfigurationName = Release;
		};
		77F76DCD1F34D82B00ADAD8B /* Build configuration list for PBXNativeTarget "SMJobBlessHelper" */ = {
			isa = XCConfigurationList;
			buildConfigurations = (
				77F76DCE1F34D82B00ADAD8B /* Debug */,
				77F76DCF1F34D82B00ADAD8B /* Release */,
			);
			defaultConfigurationIsVisible = 0;
			defaultConfigurationName = Release;
		};
/* End XCConfigurationList section */
	};
	rootObject = 77DB43601EF47AC800B1067C /* Project object */;
}
